
Microsoft Visual Studio Solution File, Format Version 12.00
# Visual Studio Version 17
VisualStudioVersion = 17.5.2.0
MinimumVisualStudioVersion = 10.0.40219.1
Project("{9A19103F-16F7-4668-BE54-9A1E7A4F7556}") = "Chess-Bot", "Chess-Bot.csproj", "{1A77018D-AF74-43B7-BBA5-2FB937EE2610}"
EndProject
Project("{FAE04EC0-301F-11D3-BF4B-00C04F79EFBC}") = "Tests", "Tests\Tests.csproj", "{B74A86C6-F325-42D0-B76E-861231259B22}"
EndProject
Global
	GlobalSection(SolutionConfigurationPlatforms) = preSolution
		Debug|Any CPU = Debug|Any CPU
		Debug|x64 = Debug|x64
		Debug|x86 = Debug|x86
		Release|Any CPU = Release|Any CPU
		Release|x64 = Release|x64
		Release|x86 = Release|x86
	EndGlobalSection
	GlobalSection(ProjectConfigurationPlatforms) = postSolution
		{1A77018D-AF74-43B7-BBA5-2FB937EE2610}.Debug|Any CPU.ActiveCfg = Debug|Any CPU
		{1A77018D-AF74-43B7-BBA5-2FB937EE2610}.Debug|Any CPU.Build.0 = Debug|Any CPU
		{1A77018D-AF74-43B7-BBA5-2FB937EE2610}.Debug|x64.ActiveCfg = Debug|Any CPU
		{1A77018D-AF74-43B7-BBA5-2FB937EE2610}.Debug|x64.Build.0 = Debug|Any CPU
		{1A77018D-AF74-43B7-BBA5-2FB937EE2610}.Debug|x86.ActiveCfg = Debug|Any CPU
		{1A77018D-AF74-43B7-BBA5-2FB937EE2610}.Debug|x86.Build.0 = Debug|Any CPU
		{1A77018D-AF74-43B7-BBA5-2FB937EE2610}.Release|Any CPU.ActiveCfg = Release|Any CPU
		{1A77018D-AF74-43B7-BBA5-2FB937EE2610}.Release|Any CPU.Build.0 = Release|Any CPU
		{1A77018D-AF74-43B7-BBA5-2FB937EE2610}.Release|x64.ActiveCfg = Release|Any CPU
		{1A77018D-AF74-43B7-BBA5-2FB937EE2610}.Release|x64.Build.0 = Release|Any CPU
		{1A77018D-AF74-43B7-BBA5-2FB937EE2610}.Release|x86.ActiveCfg = Release|Any CPU
		{1A77018D-AF74-43B7-BBA5-2FB937EE2610}.Release|x86.Build.0 = Release|Any CPU
		{B74A86C6-F325-42D0-B76E-861231259B22}.Debug|Any CPU.ActiveCfg = Debug|Any CPU
		{B74A86C6-F325-42D0-B76E-861231259B22}.Debug|Any CPU.Build.0 = Debug|Any CPU
		{B74A86C6-F325-42D0-B76E-861231259B22}.Debug|x64.ActiveCfg = Debug|Any CPU
		{B74A86C6-F325-42D0-B76E-861231259B22}.Debug|x64.Build.0 = Debug|Any CPU
		{B74A86C6-F325-42D0-B76E-861231259B22}.Debug|x86.ActiveCfg = Debug|Any CPU
		{B74A86C6-F325-42D0-B76E-861231259B22}.Debug|x86.Build.0 = Debug|Any CPU
		{B74A86C6-F325-42D0-B76E-861231259B22}.Release|Any CPU.ActiveCfg = Release|Any CPU
		{B74A86C6-F325-42D0-B76E-861231259B22}.Release|Any CPU.Build.0 = Release|Any CPU
		{B74A86C6-F325-42D0-B76E-861231259B22}.Release|x64.ActiveCfg = Release|Any CPU
		{B74A86C6-F325-42D0-B76E-861231259B22}.Release|x64.Build.0 = Release|Any CPU
		{B74A86C6-F325-42D0-B76E-861231259B22}.Release|x86.ActiveCfg = Release|Any CPU
		{B74A86C6-F325-42D0-B76E-861231259B22}.Release|x86.Build.0 = Release|Any CPU
	EndGlobalSection
	GlobalSection(SolutionProperties) = preSolution
		HideSolutionNode = FALSE
	EndGlobalSection
	GlobalSection(ExtensibilityGlobals) = postSolution
		SolutionGuid = {753D4DFE-D087-46EF-8668-D87A91726E23}
	EndGlobalSection
EndGlobal
